
Microsoft Visual Studio Solution File, Format Version 12.00
# Visual Studio Version 16
VisualStudioVersion = 16.0.30104.148
MinimumVisualStudioVersion = 10.0.40219.1
Project("{9A19103F-16F7-4668-BE54-9A1E7A4F7556}") = "Sqrt", "Sqrt\Sqrt.csproj", "{A07D4ECD-1466-492B-9C3E-A4E907A6C09D}"
EndProject
Project("{FAE04EC0-301F-11D3-BF4B-00C04F79EFBC}") = "Sqrt.Tests", "Sqrt.Tests\Sqrt.Tests.csproj", "{33AA4471-4BEE-4DED-B8BD-318BB5AEBA4B}"
EndProject
Global
	GlobalSection(SolutionConfigurationPlatforms) = preSolution
		Debug|Any CPU = Debug|Any CPU
		Release|Any CPU = Release|Any CPU
	EndGlobalSection
	GlobalSection(ProjectConfigurationPlatforms) = postSolution
		{A07D4ECD-1466-492B-9C3E-A4E907A6C09D}.Debug|Any CPU.ActiveCfg = Debug|Any CPU
		{A07D4ECD-1466-492B-9C3E-A4E907A6C09D}.Debug|Any CPU.Build.0 = Debug|Any CPU
		{A07D4ECD-1466-492B-9C3E-A4E907A6C09D}.Release|Any CPU.ActiveCfg = Release|Any CPU
		{A07D4ECD-1466-492B-9C3E-A4E907A6C09D}.Release|Any CPU.Build.0 = Release|Any CPU
		{33AA4471-4BEE-4DED-B8BD-318BB5AEBA4B}.Debug|Any CPU.ActiveCfg = Debug|Any CPU
		{33AA4471-4BEE-4DED-B8BD-318BB5AEBA4B}.Debug|Any CPU.Build.0 = Debug|Any CPU
		{33AA4471-4BEE-4DED-B8BD-318BB5AEBA4B}.Release|Any CPU.ActiveCfg = Release|Any CPU
		{33AA4471-4BEE-4DED-B8BD-318BB5AEBA4B}.Release|Any CPU.Build.0 = Release|Any CPU
	EndGlobalSection
	GlobalSection(SolutionProperties) = preSolution
		HideSolutionNode = FALSE
	EndGlobalSection
	GlobalSection(ExtensibilityGlobals) = postSolution
		SolutionGuid = {25CA9109-D993-4142-8F4A-604D268DC7BF}
	EndGlobalSection
EndGlobal
